
Microsoft Visual Studio Solution File, Format Version 12.00
# Visual Studio Version 16
VisualStudioVersion = 16.0.30413.136
MinimumVisualStudioVersion = 10.0.40219.1
Project("{FAE04EC0-301F-11D3-BF4B-00C04F79EFBC}") = "Elemenidide_App.Android", "Elemenidide_App.Android\Elemenidide_App.Android.csproj", "{DC97B683-288A-488E-B859-9AFD8BECD387}"
EndProject
Project("{FAE04EC0-301F-11D3-BF4B-00C04F79EFBC}") = "Elemenidide_App", "Elemenidide_App\Elemenidide_App.csproj", "{E0361D67-C543-464A-9767-318FD4BB7F68}"
EndProject
Global
	GlobalSection(SolutionConfigurationPlatforms) = preSolution
		Debug|Any CPU = Debug|Any CPU
		Release|Any CPU = Release|Any CPU
	EndGlobalSection
	GlobalSection(ProjectConfigurationPlatforms) = postSolution
		{DC97B683-288A-488E-B859-9AFD8BECD387}.Debug|Any CPU.ActiveCfg = Debug|Any CPU
		{DC97B683-288A-488E-B859-9AFD8BECD387}.Debug|Any CPU.Build.0 = Debug|Any CPU
		{DC97B683-288A-488E-B859-9AFD8BECD387}.Debug|Any CPU.Deploy.0 = Debug|Any CPU
		{DC97B683-288A-488E-B859-9AFD8BECD387}.Release|Any CPU.ActiveCfg = Release|Any CPU
		{DC97B683-288A-488E-B859-9AFD8BECD387}.Release|Any CPU.Build.0 = Release|Any CPU
		{DC97B683-288A-488E-B859-9AFD8BECD387}.Release|Any CPU.Deploy.0 = Release|Any CPU
		{E0361D67-C543-464A-9767-318FD4BB7F68}.Debug|Any CPU.ActiveCfg = Debug|Any CPU
		{E0361D67-C543-464A-9767-318FD4BB7F68}.Debug|Any CPU.Build.0 = Debug|Any CPU
		{E0361D67-C543-464A-9767-318FD4BB7F68}.Debug|Any CPU.Deploy.0 = Debug|Any CPU
		{E0361D67-C543-464A-9767-318FD4BB7F68}.Release|Any CPU.ActiveCfg = Release|Any CPU
		{E0361D67-C543-464A-9767-318FD4BB7F68}.Release|Any CPU.Build.0 = Release|Any CPU
		{E0361D67-C543-464A-9767-318FD4BB7F68}.Release|Any CPU.Deploy.0 = Release|Any CPU
	EndGlobalSection
	GlobalSection(SolutionProperties) = preSolution
		HideSolutionNode = FALSE
	EndGlobalSection
	GlobalSection(ExtensibilityGlobals) = postSolution
		SolutionGuid = {A33F0890-BDD0-4C7A-AE37-401465C25F58}
	EndGlobalSection
EndGlobal
